
Microsoft Visual Studio Solution File, Format Version 12.00
# Visual Studio Version 17
VisualStudioVersion = 17.1.32210.238
MinimumVisualStudioVersion = 10.0.40219.1
Project("{F2A71F9B-5D33-465A-A702-920D77279786}") = "Core", "Core\Core.fsproj", "{AB84FDCA-924C-4C10-9319-CF5F5E279487}"
EndProject
Global
	GlobalSection(SolutionConfigurationPlatforms) = preSolution
		Debug|Any CPU = Debug|Any CPU
		Release|Any CPU = Release|Any CPU
	EndGlobalSection
	GlobalSection(ProjectConfigurationPlatforms) = postSolution
		{AB84FDCA-924C-4C10-9319-CF5F5E279487}.Debug|Any CPU.ActiveCfg = Debug|Any CPU
		{AB84FDCA-924C-4C10-9319-CF5F5E279487}.Debug|Any CPU.Build.0 = Debug|Any CPU
		{AB84FDCA-924C-4C10-9319-CF5F5E279487}.Release|Any CPU.ActiveCfg = Release|Any CPU
		{AB84FDCA-924C-4C10-9319-CF5F5E279487}.Release|Any CPU.Build.0 = Release|Any CPU
	EndGlobalSection
	GlobalSection(SolutionProperties) = preSolution
		HideSolutionNode = FALSE
	EndGlobalSection
	GlobalSection(ExtensibilityGlobals) = postSolution
		SolutionGuid = {2D90A8DA-1DD4-468A-BB7C-9B00726C87CE}
	EndGlobalSection
EndGlobal
